Microsoft Visual Studio Solution File, Format Version 12.00
# Visual Studio Version 17
VisualStudioVersion = 17.5.2.0
MinimumVisualStudioVersion = 10.0.40219.1
Project("{FAE04EC0-301F-11D3-BF4B-00C04F79EFBC}") = "CateringManagement", "CateringManagement.csproj", "{3EAC6AD8-44E4-37F2-76C1-5C2751B36B0D}"
EndProject
Global
	GlobalSection(SolutionConfigurationPlatforms) = preSolution
		Debug|Any CPU = Debug|Any CPU
		Release|Any CPU = Release|Any CPU
	EndGlobalSection
	GlobalSection(ProjectConfigurationPlatforms) = postSolution
		{3EAC6AD8-44E4-37F2-76C1-5C2751B36B0D}.Debug|Any CPU.ActiveCfg = Debug|Any CPU
		{3EAC6AD8-44E4-37F2-76C1-5C2751B36B0D}.Debug|Any CPU.Build.0 = Debug|Any CPU
		{3EAC6AD8-44E4-37F2-76C1-5C2751B36B0D}.Release|Any CPU.ActiveCfg = Release|Any CPU
		{3EAC6AD8-44E4-37F2-76C1-5C2751B36B0D}.Release|Any CPU.Build.0 = Release|Any CPU
	EndGlobalSection
	GlobalSection(SolutionProperties) = preSolution
		HideSolutionNode = FALSE
	EndGlobalSection
	GlobalSection(ExtensibilityGlobals) = postSolution
		SolutionGuid = {0A03DB8D-FA79-4EAB-9751-91C60C7F9887}
	EndGlobalSection
EndGlobal
